
Microsoft Visual Studio Solution File, Format Version 12.00
# Visual Studio Version 16
VisualStudioVersion = 16.0.30804.86
MinimumVisualStudioVersion = 10.0.40219.1
Project("{FAE04EC0-301F-11D3-BF4B-00C04F79EFBC}") = "MVCCore03Osama", "MVCCore03Osama\MVCCore03Osama.csproj", "{65C0A8B0-B766-4E42-B004-3482C48E0CCF}"
EndProject
Global
	GlobalSection(SolutionConfigurationPlatforms) = preSolution
		Debug|Any CPU = Debug|Any CPU
		Release|Any CPU = Release|Any CPU
	EndGlobalSection
	GlobalSection(ProjectConfigurationPlatforms) = postSolution
		{65C0A8B0-B766-4E42-B004-3482C48E0CCF}.Debug|Any CPU.ActiveCfg = Debug|Any CPU
		{65C0A8B0-B766-4E42-B004-3482C48E0CCF}.Debug|Any CPU.Build.0 = Debug|Any CPU
		{65C0A8B0-B766-4E42-B004-3482C48E0CCF}.Release|Any CPU.ActiveCfg = Release|Any CPU
		{65C0A8B0-B766-4E42-B004-3482C48E0CCF}.Release|Any CPU.Build.0 = Release|Any CPU
	EndGlobalSection
	GlobalSection(SolutionProperties) = preSolution
		HideSolutionNode = FALSE
	EndGlobalSection
	GlobalSection(ExtensibilityGlobals) = postSolution
		SolutionGuid = {FC2F6CF8-D94B-40ED-A0E5-8EAC2357C3AC}
	EndGlobalSection
EndGlobal
